
Microsoft Visual Studio Solution File, Format Version 12.00
# Visual Studio Version 16
VisualStudioVersion = 16.0.30002.166
MinimumVisualStudioVersion = 10.0.40219.1
Project("{888888A0-9F3D-457C-B088-3A5042F75D52}") = "BookKeeping", "BookKeeping\BookKeeping.pyproj", "{948FCC6D-59AD-41A9-B28D-802C7833E933}"
EndProject
Global
	GlobalSection(SolutionConfigurationPlatforms) = preSolution
		Debug|Any CPU = Debug|Any CPU
		Release|Any CPU = Release|Any CPU
	EndGlobalSection
	GlobalSection(ProjectConfigurationPlatforms) = postSolution
		{948FCC6D-59AD-41A9-B28D-802C7833E933}.Debug|Any CPU.ActiveCfg = Debug|Any CPU
		{948FCC6D-59AD-41A9-B28D-802C7833E933}.Debug|Any CPU.Build.0 = Debug|Any CPU
		{948FCC6D-59AD-41A9-B28D-802C7833E933}.Release|Any CPU.ActiveCfg = Release|Any CPU
		{948FCC6D-59AD-41A9-B28D-802C7833E933}.Release|Any CPU.Build.0 = Release|Any CPU
	EndGlobalSection
	GlobalSection(SolutionProperties) = preSolution
		HideSolutionNode = FALSE
	EndGlobalSection
	GlobalSection(ExtensibilityGlobals) = postSolution
		SolutionGuid = {16A7871F-7108-4617-A354-613772E9556F}
	EndGlobalSection
EndGlobal
